
Microsoft Visual Studio Solution File, Format Version 12.00
# Visual Studio 2012
Project("{2150E333-8FDC-42A3-9474-1A3956D46DE8}") = "01-Domain", "01-Domain", "{2EC0F6F7-616D-4B7E-AC5B-B9D41DE08297}"
EndProject
Project("{2150E333-8FDC-42A3-9474-1A3956D46DE8}") = "02-ServiceInterfaces", "02-ServiceInterfaces", "{16C2399A-FB58-46EC-945C-EA3150CD0834}"
EndProject
Project("{FAE04EC0-301F-11D3-BF4B-00C04F79EFBC}") = "Service.Interfaces", "Service.Interfaces\Service.Interfaces.csproj", "{BD2FE791-CE7C-4D52-A469-8428A88BA3AB}"
EndProject
Project("{2150E333-8FDC-42A3-9474-1A3956D46DE8}") = "03-Services", "03-Services", "{C961CF5D-73C3-4892-AB2F-4C7991EC05BA}"
EndProject
Project("{FAE04EC0-301F-11D3-BF4B-00C04F79EFBC}") = "Services", "Services\Services.csproj", "{10077862-31CD-4075-8E16-DB1495EBCCE4}"
EndProject
Project("{FAE04EC0-301F-11D3-BF4B-00C04F79EFBC}") = "Domain.Entities", "Domain.Entities\Domain.Entities.csproj", "{65CE944E-947F-4A16-9F0B-BA170A6CF596}"
EndProject
Project("{2150E333-8FDC-42A3-9474-1A3956D46DE8}") = "04-Infrastructure", "04-Infrastructure", "{AF00C610-5608-40E0-A9AF-33CCF8BEBA89}"
EndProject
Project("{FAE04EC0-301F-11D3-BF4B-00C04F79EFBC}") = "Infrastruture.Data", "Infrastruture.Data\Infrastruture.Data.csproj", "{0486E35A-C8E1-4295-8607-EDA15B264A6C}"
EndProject
Project("{2150E333-8FDC-42A3-9474-1A3956D46DE8}") = "05-UserInterface", "05-UserInterface", "{06FBA470-EC61-49C0-A1FE-0FE5380317F5}"
EndProject
Project("{FAE04EC0-301F-11D3-BF4B-00C04F79EFBC}") = "PositionApi", "PositionApi\PositionApi.csproj", "{70FEB8BE-08EA-4499-8EBF-6AD308B97B52}"
EndProject
Project("{FAE04EC0-301F-11D3-BF4B-00C04F79EFBC}") = "Domain.Interface", "Domain.Entities\Domain.Interface\Domain.Interface.csproj", "{F1F43854-F211-4D23-9B80-833D6E5BE810}"
EndProject
Global
	GlobalSection(SolutionConfigurationPlatforms) = preSolution
		Debug|Any CPU = Debug|Any CPU
		Release|Any CPU = Release|Any CPU
	EndGlobalSection
	GlobalSection(ProjectConfigurationPlatforms) = postSolution
		{BD2FE791-CE7C-4D52-A469-8428A88BA3AB}.Debug|Any CPU.ActiveCfg = Debug|Any CPU
		{BD2FE791-CE7C-4D52-A469-8428A88BA3AB}.Debug|Any CPU.Build.0 = Debug|Any CPU
		{BD2FE791-CE7C-4D52-A469-8428A88BA3AB}.Release|Any CPU.ActiveCfg = Release|Any CPU
		{BD2FE791-CE7C-4D52-A469-8428A88BA3AB}.Release|Any CPU.Build.0 = Release|Any CPU
		{10077862-31CD-4075-8E16-DB1495EBCCE4}.Debug|Any CPU.ActiveCfg = Debug|Any CPU
		{10077862-31CD-4075-8E16-DB1495EBCCE4}.Debug|Any CPU.Build.0 = Debug|Any CPU
		{10077862-31CD-4075-8E16-DB1495EBCCE4}.Release|Any CPU.ActiveCfg = Release|Any CPU
		{10077862-31CD-4075-8E16-DB1495EBCCE4}.Release|Any CPU.Build.0 = Release|Any CPU
		{65CE944E-947F-4A16-9F0B-BA170A6CF596}.Debug|Any CPU.ActiveCfg = Debug|Any CPU
		{65CE944E-947F-4A16-9F0B-BA170A6CF596}.Debug|Any CPU.Build.0 = Debug|Any CPU
		{65CE944E-947F-4A16-9F0B-BA170A6CF596}.Release|Any CPU.ActiveCfg = Release|Any CPU
		{65CE944E-947F-4A16-9F0B-BA170A6CF596}.Release|Any CPU.Build.0 = Release|Any CPU
		{0486E35A-C8E1-4295-8607-EDA15B264A6C}.Debug|Any CPU.ActiveCfg = Debug|Any CPU
		{0486E35A-C8E1-4295-8607-EDA15B264A6C}.Debug|Any CPU.Build.0 = Debug|Any CPU
		{0486E35A-C8E1-4295-8607-EDA15B264A6C}.Release|Any CPU.ActiveCfg = Release|Any CPU
		{0486E35A-C8E1-4295-8607-EDA15B264A6C}.Release|Any CPU.Build.0 = Release|Any CPU
		{70FEB8BE-08EA-4499-8EBF-6AD308B97B52}.Debug|Any CPU.ActiveCfg = Debug|Any CPU
		{70FEB8BE-08EA-4499-8EBF-6AD308B97B52}.Debug|Any CPU.Build.0 = Debug|Any CPU
		{70FEB8BE-08EA-4499-8EBF-6AD308B97B52}.Release|Any CPU.ActiveCfg = Release|Any CPU
		{70FEB8BE-08EA-4499-8EBF-6AD308B97B52}.Release|Any CPU.Build.0 = Release|Any CPU
		{F1F43854-F211-4D23-9B80-833D6E5BE810}.Debug|Any CPU.ActiveCfg = Debug|Any CPU
		{F1F43854-F211-4D23-9B80-833D6E5BE810}.Debug|Any CPU.Build.0 = Debug|Any CPU
		{F1F43854-F211-4D23-9B80-833D6E5BE810}.Release|Any CPU.ActiveCfg = Release|Any CPU
		{F1F43854-F211-4D23-9B80-833D6E5BE810}.Release|Any CPU.Build.0 = Release|Any CPU
	EndGlobalSection
	GlobalSection(NestedProjects) = preSolution
		{BD2FE791-CE7C-4D52-A469-8428A88BA3AB} = {16C2399A-FB58-46EC-945C-EA3150CD0834}
		{10077862-31CD-4075-8E16-DB1495EBCCE4} = {C961CF5D-73C3-4892-AB2F-4C7991EC05BA}
		{65CE944E-947F-4A16-9F0B-BA170A6CF596} = {2EC0F6F7-616D-4B7E-AC5B-B9D41DE08297}
		{0486E35A-C8E1-4295-8607-EDA15B264A6C} = {AF00C610-5608-40E0-A9AF-33CCF8BEBA89}
		{70FEB8BE-08EA-4499-8EBF-6AD308B97B52} = {06FBA470-EC61-49C0-A1FE-0FE5380317F5}
		{F1F43854-F211-4D23-9B80-833D6E5BE810} = {2EC0F6F7-616D-4B7E-AC5B-B9D41DE08297}
	EndGlobalSection
EndGlobal
